{
  "name": "8 maps",
  "lockfileVersion": 2,
  "requires": true,
  "packages": {
    "": {
      "dependencies": {
        "@types/google.maps": "^3.50.5"
      }
    },
    "node_modules/@types/google.maps": {
      "version": "3.50.5",
      "resolved": "https://registry.npmjs.org/@types/google.maps/-/google.maps-3.50.5.tgz",
      "integrity": "sha512-RuZf1MJtctGlpW+Gd4a/eGtAufUDjMf+eyN1l+B3fbe2YLScJbg8KEljJfb+6vnSPFAeM1/48geVIEg3vqOkxw=="
    }
  },
  "dependencies": {
    "@types/google.maps": {
      "version": "3.50.5",
      "resolved": "https://registry.npmjs.org/@types/google.maps/-/google.maps-3.50.5.tgz",
      "integrity": "sha512-RuZf1MJtctGlpW+Gd4a/eGtAufUDjMf+eyN1l+B3fbe2YLScJbg8KEljJfb+6vnSPFAeM1/48geVIEg3vqOkxw=="
    }
  }
}
